// !$*UTF8*$!
{
	archiveVersion = 1;
	classes = {
	};
	objectVersion = 50;
	objects = {

/* Begin PBXBuildFile section */
		D49C6078254997D70079B7ED /* BarBookApp.swift in Sources */ = {isa = PBXBuildFile; fileRef = D49C6077254997D70079B7ED /* BarBookApp.swift */; };
		D49C607A254997D70079B7ED /* ContentView.swift in Sources */ = {isa = PBXBuildFile; fileRef = D49C6079254997D70079B7ED /* ContentView.swift */; };
		D49C607C254997DC0079B7ED /* Assets.xcassets in Resources */ = {isa = PBXBuildFile; fileRef = D49C607B254997DC0079B7ED /* Assets.xcassets */; };
		D49C607F254997DC0079B7ED /* Preview Assets.xcassets in Resources */ = {isa = PBXBuildFile; fileRef = D49C607E254997DC0079B7ED /* Preview Assets.xcassets */; };
		D49C60882549980E0079B7ED /* BarCodeScanner.swift in Sources */ = {isa = PBXBuildFile; fileRef = D49C60872549980E0079B7ED /* BarCodeScanner.swift */; };
		D49C608B254998140079B7ED /* BookSearchManager.swift in Sources */ = {isa = PBXBuildFile; fileRef = D49C608A254998130079B7ED /* BookSearchManager.swift */; };
		D49C608E254998190079B7ED /* Book.swift in Sources */ = {isa = PBXBuildFile; fileRef = D49C608D254998190079B7ED /* Book.swift */; };
/* End PBXBuildFile section */

/* Begin PBXFileReference section */
		D49C6074254997D70079B7ED /* BarBook.app */ = {isa = PBXFileReference; explicitFileType = wrapper.application; includeInIndex = 0; path = BarBook.app; sourceTree = BUILT_PRODUCTS_DIR; };
		D49C6077254997D70079B7ED /* BarBookApp.swift */ = {isa = PBXFileReference; lastKnownFileType = sourcecode.swift; path = BarBookApp.swift; sourceTree = "<group>"; };
		D49C6079254997D70079B7ED /* ContentView.swift */ = {isa = PBXFileReference; lastKnownFileType = sourcecode.swift; path = ContentView.swift; sourceTree = "<group>"; };
		D49C607B254997DC0079B7ED /* Assets.xcassets */ = {isa = PBXFileReference; lastKnownFileType = folder.assetcatalog; path = Assets.xcassets; sourceTree = "<group>"; };
		D49C607E254997DC0079B7ED /* Preview Assets.xcassets */ = {isa = PBXFileReference; lastKnownFileType = folder.assetcatalog; path = "Preview Assets.xcassets"; sourceTree = "<group>"; };
		D49C6080254997DC0079B7ED /* Info.plist */ = {isa = PBXFileReference; lastKnownFileType = text.plist.xml; path = Info.plist; sourceTree = "<group>"; };
		D49C60872549980E0079B7ED /* BarCodeScanner.swift */ = {isa = PBXFileReference; fileEncoding = 4; lastKnownFileType = sourcecode.swift; path = BarCodeScanner.swift; sourceTree = "<group>"; };
		D49C608A254998130079B7ED /* BookSearchManager.swift */ = {isa = PBXFileReference; fileEncoding = 4; lastKnownFileType = sourcecode.swift; path = BookSearchManager.swift; sourceTree = "<group>"; };
		D49C608D254998190079B7ED /* Book.swift */ = {isa = PBXFileReference; fileEncoding = 4; lastKnownFileType = sourcecode.swift; path = Book.swift; sourceTree = "<group>"; };
/* End PBXFileReference section */

/* Begin PBXFrameworksBuildPhase section */
		D49C6071254997D70079B7ED /* Frameworks */ = {
			isa = PBXFrameworksBuildPhase;
			buildActionMask = 2147483647;
			files = (
			);
			runOnlyForDeploymentPostprocessing = 0;
		};
/* End PBXFrameworksBuildPhase section */

/* Begin PBXGroup section */
		D49C606B254997D70079B7ED = {
			isa = PBXGroup;
			children = (
				D49C6076254997D70079B7ED /* BarBook */,
				D49C6075254997D70079B7ED /* Products */,
			);
			sourceTree = "<group>";
		};
		D49C6075254997D70079B7ED /* Products */ = {
			isa = PBXGroup;
			children = (
				D49C6074254997D70079B7ED /* BarBook.app */,
			);
			name = Products;
			sourceTree = "<group>";
		};
		D49C6076254997D70079B7ED /* BarBook */ = {
			isa = PBXGroup;
			children = (
				D49C6077254997D70079B7ED /* BarBookApp.swift */,
				D49C6079254997D70079B7ED /* ContentView.swift */,
				D49C60872549980E0079B7ED /* BarCodeScanner.swift */,
				D49C608A254998130079B7ED /* BookSearchManager.swift */,
				D49C608D254998190079B7ED /* Book.swift */,
				D49C607B254997DC0079B7ED /* Assets.xcassets */,
				D49C6080254997DC0079B7ED /* Info.plist */,
				D49C607D254997DC0079B7ED /* Preview Content */,
			);
			path = BarBook;
			sourceTree = "<group>";
		};
		D49C607D254997DC0079B7ED /* Preview Content */ = {
			isa = PBXGroup;
			children = (
				D49C607E254997DC0079B7ED /* Preview Assets.xcassets */,
			);
			path = "Preview Content";
			sourceTree = "<group>";
		};
/* End PBXGroup section */

/* Begin PBXNativeTarget section */
		D49C6073254997D70079B7ED /* BarBook */ = {
			isa = PBXNativeTarget;
			buildConfigurationList = D49C6083254997DC0079B7ED /* Build configuration list for PBXNativeTarget "BarBook" */;
			buildPhases = (
				D49C6070254997D70079B7ED /* Sources */,
				D49C6071254997D70079B7ED /* Frameworks */,
				D49C6072254997D70079B7ED /* Resources */,
			);
			buildRules = (
			);
			dependencies = (
			);
			name = BarBook;
			productName = BarBook;
			productReference = D49C6074254997D70079B7ED /* BarBook.app */;
			productType = "com.apple.product-type.application";
		};
/* End PBXNativeTarget section */

/* Begin PBXProject section */
		D49C606C254997D70079B7ED /* Project object */ = {
			isa = PBXProject;
			attributes = {
				LastSwiftUpdateCheck = 1200;
				LastUpgradeCheck = 1200;
				TargetAttributes = {
					D49C6073254997D70079B7ED = {
						CreatedOnToolsVersion = 12.0.1;
					};
				};
			};
			buildConfigurationList = D49C606F254997D70079B7ED /* Build configuration list for PBXProject "BarBook" */;
			compatibilityVersion = "Xcode 9.3";
			developmentRegion = en;
			hasScannedForEncodings = 0;
			knownRegions = (
				en,
				Base,
			);
			mainGroup = D49C606B254997D70079B7ED;
			productRefGroup = D49C6075254997D70079B7ED /* Products */;
			projectDirPath = "";
			projectRoot = "";
			targets = (
				D49C6073254997D70079B7ED /* BarBook */,
			);
		};
/* End PBXProject section */

/* Begin PBXResourcesBuildPhase section */
		D49C6072254997D70079B7ED /* Resources */ = {
			isa = PBXResourcesBuildPhase;
			buildActionMask = 2147483647;
			files = (
				D49C607F254997DC0079B7ED /* Preview Assets.xcassets in Resources */,
				D49C607C254997DC0079B7ED /* Assets.xcassets in Resources */,
			);
			runOnlyForDeploymentPostprocessing = 0;
		};
/* End PBXResourcesBuildPhase section */

/* Begin PBXSourcesBuildPhase section */
		D49C6070254997D70079B7ED /* Sources */ = {
			isa = PBXSourcesBuildPhase;
			buildActionMask = 2147483647;
			files = (
				D49C607A254997D70079B7ED /* ContentView.swift in Sources */,
				D49C6078254997D70079B7ED /* BarBookApp.swift in Sources */,
				D49C608B254998140079B7ED /* BookSearchManager.swift in Sources */,
				D49C608E254998190079B7ED /* Book.swift in Sources */,
				D49C60882549980E0079B7ED /* BarCodeScanner.swift in Sources */,
			);
			runOnlyForDeploymentPostprocessing = 0;
		};
/* End PBXSourcesBuildPhase section */

/* Begin XCBuildConfiguration section */
		D49C6081254997DC0079B7ED /* Debug */ = {
			isa = XCBuildConfiguration;
			buildSettings = {
				ALWAYS_SEARCH_USER_PATHS = NO;
				CLANG_ANALYZER_NONNULL = YES;
				CLANG_ANALYZER_NUMBER_OBJECT_CONVERSION = YES_AGGRESSIVE;
				CLANG_CXX_LANGUAGE_STANDARD = "gnu++14";
				CLANG_CXX_LIBRARY = "libc++";
				CLANG_ENABLE_MODULES = YES;
				CLANG_ENABLE_OBJC_ARC = YES;
				CLANG_ENABLE_OBJC_WEAK = YES;
				CLANG_WARN_BLOCK_CAPTURE_AUTORELEASING = YES;
				CLANG_WARN_BOOL_CONVERSION = YES;
				CLANG_WARN_COMMA = YES;
				CLANG_WARN_CONSTANT_CONVERSION = YES;
				CLANG_WARN_DEPRECATED_OBJC_IMPLEMENTATIONS = YES;
				CLANG_WARN_DIRECT_OBJC_ISA_USAGE = YES_ERROR;
				CLANG_WARN_DOCUMENTATION_COMMENTS = YES;
				CLANG_WARN_EMPTY_BODY = YES;
				CLANG_WARN_ENUM_CONVERSION = YES;
				CLANG_WARN_INFINITE_RECURSION = YES;
				CLANG_WARN_INT_CONVERSION = YES;
				CLANG_WARN_NON_LITERAL_NULL_CONVERSION = YES;
				CLANG_WARN_OBJC_IMPLICIT_RETAIN_SELF = YES;
				CLANG_WARN_OBJC_LITERAL_CONVERSION = YES;
				CLANG_WARN_OBJC_ROOT_CLASS = YES_ERROR;
				CLANG_WARN_QUOTED_INCLUDE_IN_FRAMEWORK_HEADER = YES;
				CLANG_WARN_RANGE_LOOP_ANALYSIS = YES;
				CLANG_WARN_STRICT_PROTOTYPES = YES;
				CLANG_WARN_SUSPICIOUS_MOVE = YES;
				CLANG_WARN_UNGUARDED_AVAILABILITY = YES_AGGRESSIVE;
				CLANG_WARN_UNREACHABLE_CODE = YES;
				CLANG_WARN__DUPLICATE_METHOD_MATCH = YES;
				COPY_PHASE_STRIP = NO;
				DEBUG_INFORMATION_FORMAT = dwarf;
				ENABLE_STRICT_OBJC_MSGSEND = YES;
				ENABLE_TESTABILITY = YES;
				GCC_C_LANGUAGE_STANDARD = gnu11;
				GCC_DYNAMIC_NO_PIC = NO;
				GCC_NO_COMMON_BLOCKS = YES;
				GCC_OPTIMIZATION_LEVEL = 0;
				GCC_PREPROCESSOR_DEFINITIONS = (
					"DEBUG=1",
					"$(inherited)",
				);
				GCC_WARN_64_TO_32_BIT_CONVERSION = YES;
				GCC_WARN_ABOUT_RETURN_TYPE = YES_ERROR;
				GCC_WARN_UNDECLARED_SELECTOR = YES;
				GCC_WARN_UNINITIALIZED_AUTOS = YES_AGGRESSIVE;
				GCC_WARN_UNUSED_FUNCTION = YES;
				GCC_WARN_UNUSED_VARIABLE = YES;
				IPHONEOS_DEPLOYMENT_TARGET = 14.0;
				MTL_ENABLE_DEBUG_INFO = INCLUDE_SOURCE;
				MTL_FAST_MATH = YES;
				ONLY_ACTIVE_ARCH = YES;
				SDKROOT = iphoneos;
				SWIFT_ACTIVE_COMPILATION_CONDITIONS = DEBUG;
				SWIFT_OPTIMIZATION_LEVEL = "-Onone";
			};
			name = Debug;
		};
		D49C6082254997DC0079B7ED /* Release */ = {
			isa = XCBuildConfiguration;
			buildSettings = {
				ALWAYS_SEARCH_USER_PATHS = NO;
				CLANG_ANALYZER_NONNULL = YES;
				CLANG_ANALYZER_NUMBER_OBJECT_CONVERSION = YES_AGGRESSIVE;
				CLANG_CXX_LANGUAGE_STANDARD = "gnu++14";
				CLANG_CXX_LIBRARY = "libc++";
				CLANG_ENABLE_MODULES = YES;
				CLANG_ENABLE_OBJC_ARC = YES;
				CLANG_ENABLE_OBJC_WEAK = YES;
				CLANG_WARN_BLOCK_CAPTURE_AUTORELEASING = YES;
				CLANG_WARN_BOOL_CONVERSION = YES;
				CLANG_WARN_COMMA = YES;
				CLANG_WARN_CONSTANT_CONVERSION = YES;
				CLANG_WARN_DEPRECATED_OBJC_IMPLEMENTATIONS = YES;
				CLANG_WARN_DIRECT_OBJC_ISA_USAGE = YES_ERROR;
				CLANG_WARN_DOCUMENTATION_COMMENTS = YES;
				CLANG_WARN_EMPTY_BODY = YES;
				CLANG_WARN_ENUM_CONVERSION = YES;
				CLANG_WARN_INFINITE_RECURSION = YES;
				CLANG_WARN_INT_CONVERSION = YES;
				CLANG_WARN_NON_LITERAL_NULL_CONVERSION = YES;
				CLANG_WARN_OBJC_IMPLICIT_RETAIN_SELF = YES;
				CLANG_WARN_OBJC_LITERAL_CONVERSION = YES;
				CLANG_WARN_OBJC_ROOT_CLASS = YES_ERROR;
				CLANG_WARN_QUOTED_INCLUDE_IN_FRAMEWORK_HEADER = YES;
				CLANG_WARN_RANGE_LOOP_ANALYSIS = YES;
				CLANG_WARN_STRICT_PROTOTYPES = YES;
				CLANG_WARN_SUSPICIOUS_MOVE = YES;
				CLANG_WARN_UNGUARDED_AVAILABILITY = YES_AGGRESSIVE;
				CLANG_WARN_UNREACHABLE_CODE = YES;
				CLANG_WARN__DUPLICATE_METHOD_MATCH = YES;
				COPY_PHASE_STRIP = NO;
				DEBUG_INFORMATION_FORMAT = "dwarf-with-dsym";
				ENABLE_NS_ASSERTIONS = NO;
				ENABLE_STRICT_OBJC_MSGSEND = YES;
				GCC_C_LANGUAGE_STANDARD = gnu11;
				GCC_NO_COMMON_BLOCKS = YES;
				GCC_WARN_64_TO_32_BIT_CONVERSION = YES;
				GCC_WARN_ABOUT_RETURN_TYPE = YES_ERROR;
				GCC_WARN_UNDECLARED_SELECTOR = YES;
				GCC_WARN_UNINITIALIZED_AUTOS = YES_AGGRESSIVE;
				GCC_WARN_UNUSED_FUNCTION = YES;
				GCC_WARN_UNUSED_VARIABLE = YES;
				IPHONEOS_DEPLOYMENT_TARGET = 14.0;
				MTL_ENABLE_DEBUG_INFO = NO;
				MTL_FAST_MATH = YES;
				SDKROOT = iphoneos;
				SWIFT_COMPILATION_MODE = wholemodule;
				SWIFT_OPTIMIZATION_LEVEL = "-O";
				VALIDATE_PRODUCT = YES;
			};
			name = Release;
		};
		D49C6084254997DC0079B7ED /* Debug */ = {
			isa = XCBuildConfiguration;
			buildSettings = {
				ASSETCATALOG_COMPILER_APPICON_NAME = AppIcon;
				ASSETCATALOG_COMPILER_GLOBAL_ACCENT_COLOR_NAME = AccentColor;
				CODE_SIGN_STYLE = Automatic;
				DEVELOPMENT_ASSET_PATHS = "\"BarBook/Preview Content\"";
				DEVELOPMENT_TEAM = 8YMG4SKZ64;
				ENABLE_PREVIEWS = YES;
				INFOPLIST_FILE = BarBook/Info.plist;
				IPHONEOS_DEPLOYMENT_TARGET = 14.0;
				LD_RUNPATH_SEARCH_PATHS = (
					"$(inherited)",
					"@executable_path/Frameworks",
				);
				PRODUCT_BUNDLE_IDENTIFIER = study.self.BarBook;
				PRODUCT_NAME = "$(TARGET_NAME)";
				SWIFT_VERSION = 5.0;
				TARGETED_DEVICE_FAMILY = "1,2";
			};
			name = Debug;
		};
		D49C6085254997DC0079B7ED /* Release */ = {
			isa = XCBuildConfiguration;
			buildSettings = {
				ASSETCATALOG_COMPILER_APPICON_NAME = AppIcon;
				ASSETCATALOG_COMPILER_GLOBAL_ACCENT_COLOR_NAME = AccentColor;
				CODE_SIGN_STYLE = Automatic;
				DEVELOPMENT_ASSET_PATHS = "\"BarBook/Preview Content\"";
				DEVELOPMENT_TEAM = 8YMG4SKZ64;
				ENABLE_PREVIEWS = YES;
				INFOPLIST_FILE = BarBook/Info.plist;
				IPHONEOS_DEPLOYMENT_TARGET = 14.0;
				LD_RUNPATH_SEARCH_PATHS = (
					"$(inherited)",
					"@executable_path/Frameworks",
				);
				PRODUCT_BUNDLE_IDENTIFIER = study.self.BarBook;
				PRODUCT_NAME = "$(TARGET_NAME)";
				SWIFT_VERSION = 5.0;
				TARGETED_DEVICE_FAMILY = "1,2";
			};
			name = Release;
		};
/* End XCBuildConfiguration section */

/* Begin XCConfigurationList section */
		D49C606F254997D70079B7ED /* Build configuration list for PBXProject "BarBook" */ = {
			isa = XCConfigurationList;
			buildConfigurations = (
				D49C6081254997DC0079B7ED /* Debug */,
				D49C6082254997DC0079B7ED /* Release */,
			);
			defaultConfigurationIsVisible = 0;
			defaultConfigurationName = Release;
		};
		D49C6083254997DC0079B7ED /* Build configuration list for PBXNativeTarget "BarBook" */ = {
			isa = XCConfigurationList;
			buildConfigurations = (
				D49C6084254997DC0079B7ED /* Debug */,
				D49C6085254997DC0079B7ED /* Release */,
			);
			defaultConfigurationIsVisible = 0;
			defaultConfigurationName = Release;
		};
/* End XCConfigurationList section */
	};
	rootObject = D49C606C254997D70079B7ED /* Project object */;
}
